
Microsoft Visual Studio Solution File, Format Version 12.00
# Visual Studio Version 16
VisualStudioVersion = 16.0.31105.61
MinimumVisualStudioVersion = 10.0.40219.1
Project("{FAE04EC0-301F-11D3-BF4B-00C04F79EFBC}") = "DateTimeLibTest", "DateTimeLibTest\DateTimeLibTest.csproj", "{97E546F7-D86C-47EB-AA8D-A9D0E21025AB}"
EndProject
Project("{FAE04EC0-301F-11D3-BF4B-00C04F79EFBC}") = "DateTimeLib", "DateTimeLib\DateTimeLib.csproj", "{5023BFFC-11CB-4FCB-9805-6BF2FA1E577E}"
EndProject
Project("{FAE04EC0-301F-11D3-BF4B-00C04F79EFBC}") = "DateTimeProject", "DateTimeProject\DateTimeProject.csproj", "{8463723F-8FBF-4F63-9F8C-0B5FD4BD7B8C}"
EndProject
Global
	GlobalSection(SolutionConfigurationPlatforms) = preSolution
		Debug|Any CPU = Debug|Any CPU
		Release|Any CPU = Release|Any CPU
	EndGlobalSection
	GlobalSection(ProjectConfigurationPlatforms) = postSolution
		{97E546F7-D86C-47EB-AA8D-A9D0E21025AB}.Debug|Any CPU.ActiveCfg = Debug|Any CPU
		{97E546F7-D86C-47EB-AA8D-A9D0E21025AB}.Debug|Any CPU.Build.0 = Debug|Any CPU
		{97E546F7-D86C-47EB-AA8D-A9D0E21025AB}.Release|Any CPU.ActiveCfg = Release|Any CPU
		{97E546F7-D86C-47EB-AA8D-A9D0E21025AB}.Release|Any CPU.Build.0 = Release|Any CPU
		{5023BFFC-11CB-4FCB-9805-6BF2FA1E577E}.Debug|Any CPU.ActiveCfg = Debug|Any CPU
		{5023BFFC-11CB-4FCB-9805-6BF2FA1E577E}.Debug|Any CPU.Build.0 = Debug|Any CPU
		{5023BFFC-11CB-4FCB-9805-6BF2FA1E577E}.Release|Any CPU.ActiveCfg = Release|Any CPU
		{5023BFFC-11CB-4FCB-9805-6BF2FA1E577E}.Release|Any CPU.Build.0 = Release|Any CPU
		{8463723F-8FBF-4F63-9F8C-0B5FD4BD7B8C}.Debug|Any CPU.ActiveCfg = Debug|Any CPU
		{8463723F-8FBF-4F63-9F8C-0B5FD4BD7B8C}.Debug|Any CPU.Build.0 = Debug|Any CPU
		{8463723F-8FBF-4F63-9F8C-0B5FD4BD7B8C}.Release|Any CPU.ActiveCfg = Release|Any CPU
		{8463723F-8FBF-4F63-9F8C-0B5FD4BD7B8C}.Release|Any CPU.Build.0 = Release|Any CPU
	EndGlobalSection
	GlobalSection(SolutionProperties) = preSolution
		HideSolutionNode = FALSE
	EndGlobalSection
	GlobalSection(ExtensibilityGlobals) = postSolution
		SolutionGuid = {3C35E230-1555-4CD7-B666-B8287E4C3589}
	EndGlobalSection
EndGlobal
